
Microsoft Visual Studio Solution File, Format Version 12.00
# Visual Studio Version 17
VisualStudioVersion = 17.2.32616.157
MinimumVisualStudioVersion = 10.0.40219.1
Project("{FAE04EC0-301F-11D3-BF4B-00C04F79EFBC}") = "NullableReferenceTypes", "NullableReferenceTypes.csproj", "{F794E732-795E-4FE9-8BDE-7B7CE9EF7161}"
EndProject
Global
	GlobalSection(SolutionConfigurationPlatforms) = preSolution
		Debug|Any CPU = Debug|Any CPU
		Release|Any CPU = Release|Any CPU
	EndGlobalSection
	GlobalSection(ProjectConfigurationPlatforms) = postSolution
		{F794E732-795E-4FE9-8BDE-7B7CE9EF7161}.Debug|Any CPU.ActiveCfg = Debug|Any CPU
		{F794E732-795E-4FE9-8BDE-7B7CE9EF7161}.Debug|Any CPU.Build.0 = Debug|Any CPU
		{F794E732-795E-4FE9-8BDE-7B7CE9EF7161}.Release|Any CPU.ActiveCfg = Release|Any CPU
		{F794E732-795E-4FE9-8BDE-7B7CE9EF7161}.Release|Any CPU.Build.0 = Release|Any CPU
	EndGlobalSection
	GlobalSection(SolutionProperties) = preSolution
		HideSolutionNode = FALSE
	EndGlobalSection
	GlobalSection(ExtensibilityGlobals) = postSolution
		SolutionGuid = {4C18062C-7744-457B-9663-7E422B47469E}
	EndGlobalSection
EndGlobal
